
Microsoft Visual Studio Solution File, Format Version 12.00
# Visual Studio Version 16
VisualStudioVersion = 16.0.30804.86
MinimumVisualStudioVersion = 10.0.40219.1
Project("{FAE04EC0-301F-11D3-BF4B-00C04F79EFBC}") = "MHTriServer", "MHTriServer\MHTriServer.csproj", "{CC07C8DE-E097-4FB0-90EE-34B8E2E23BFE}"
EndProject
Global
	GlobalSection(SolutionConfigurationPlatforms) = preSolution
		Debug|Any CPU = Debug|Any CPU
		Release|Any CPU = Release|Any CPU
	EndGlobalSection
	GlobalSection(ProjectConfigurationPlatforms) = postSolution
		{CC07C8DE-E097-4FB0-90EE-34B8E2E23BFE}.Debug|Any CPU.ActiveCfg = Debug|Any CPU
		{CC07C8DE-E097-4FB0-90EE-34B8E2E23BFE}.Debug|Any CPU.Build.0 = Debug|Any CPU
		{CC07C8DE-E097-4FB0-90EE-34B8E2E23BFE}.Release|Any CPU.ActiveCfg = Release|Any CPU
		{CC07C8DE-E097-4FB0-90EE-34B8E2E23BFE}.Release|Any CPU.Build.0 = Release|Any CPU
	EndGlobalSection
	GlobalSection(SolutionProperties) = preSolution
		HideSolutionNode = FALSE
	EndGlobalSection
	GlobalSection(ExtensibilityGlobals) = postSolution
		SolutionGuid = {573E44BC-B360-41D5-A47D-7D32F532AF9B}
	EndGlobalSection
EndGlobal
